
Microsoft Visual Studio Solution File, Format Version 12.00
# Visual Studio 15
VisualStudioVersion = 15.0.28307.572
MinimumVisualStudioVersion = 10.0.40219.1
Project("{FAE04EC0-301F-11D3-BF4B-00C04F79EFBC}") = "TestApp", "TestApp\TestApp.csproj", "{E0D69A81-3BCB-4918-B589-C7F572B213B8}"
EndProject
Global
	GlobalSection(SolutionConfigurationPlatforms) = preSolution
		Debug|Any CPU = Debug|Any CPU
		Release|Any CPU = Release|Any CPU
	EndGlobalSection
	GlobalSection(ProjectConfigurationPlatforms) = postSolution
		{E0D69A81-3BCB-4918-B589-C7F572B213B8}.Debug|Any CPU.ActiveCfg = Debug|Any CPU
		{E0D69A81-3BCB-4918-B589-C7F572B213B8}.Debug|Any CPU.Build.0 = Debug|Any CPU
		{E0D69A81-3BCB-4918-B589-C7F572B213B8}.Release|Any CPU.ActiveCfg = Release|Any CPU
		{E0D69A81-3BCB-4918-B589-C7F572B213B8}.Release|Any CPU.Build.0 = Release|Any CPU
	EndGlobalSection
	GlobalSection(SolutionProperties) = preSolution
		HideSolutionNode = FALSE
	EndGlobalSection
	GlobalSection(ExtensibilityGlobals) = postSolution
		SolutionGuid = {51392783-A9DB-4D07-A357-4FD92C5FEFA0}
	EndGlobalSection
EndGlobal
